
Microsoft Visual Studio Solution File, Format Version 12.00
# Visual Studio Version 16
VisualStudioVersion = 16.0.30320.27
MinimumVisualStudioVersion = 10.0.40219.1
Project("{FAE04EC0-301F-11D3-BF4B-00C04F79EFBC}") = "TempalateMethodPattern", "TempalateMethodPattern\TempalateMethodPattern.csproj", "{7E86FFBE-3DB1-4D48-975A-8100D3C5103B}"
EndProject
Global
	GlobalSection(SolutionConfigurationPlatforms) = preSolution
		Debug|Any CPU = Debug|Any CPU
		Release|Any CPU = Release|Any CPU
	EndGlobalSection
	GlobalSection(ProjectConfigurationPlatforms) = postSolution
		{7E86FFBE-3DB1-4D48-975A-8100D3C5103B}.Debug|Any CPU.ActiveCfg = Debug|Any CPU
		{7E86FFBE-3DB1-4D48-975A-8100D3C5103B}.Debug|Any CPU.Build.0 = Debug|Any CPU
		{7E86FFBE-3DB1-4D48-975A-8100D3C5103B}.Release|Any CPU.ActiveCfg = Release|Any CPU
		{7E86FFBE-3DB1-4D48-975A-8100D3C5103B}.Release|Any CPU.Build.0 = Release|Any CPU
	EndGlobalSection
	GlobalSection(SolutionProperties) = preSolution
		HideSolutionNode = FALSE
	EndGlobalSection
	GlobalSection(ExtensibilityGlobals) = postSolution
		SolutionGuid = {77BD719C-24F6-49A1-8F1D-3BFD94AD5FED}
	EndGlobalSection
EndGlobal
